// !$*UTF8*$!
{
	archiveVersion = 1;
	classes = {
	};
	objectVersion = 50;
	objects = {

/* Begin PBXBuildFile section */
		583532A72195A6FB008D506B /* AppDelegate.swift in Sources */ = {isa = PBXBuildFile; fileRef = 583532A62195A6FB008D506B /* AppDelegate.swift */; };
		583532A92195A6FB008D506B /* ViewController.swift in Sources */ = {isa = PBXBuildFile; fileRef = 583532A82195A6FB008D506B /* ViewController.swift */; };
		583532AC2195A6FB008D506B /* Main.storyboard in Resources */ = {isa = PBXBuildFile; fileRef = 583532AA2195A6FB008D506B /* Main.storyboard */; };
		583532AE2195A6FC008D506B /* Assets.xcassets in Resources */ = {isa = PBXBuildFile; fileRef = 583532AD2195A6FC008D506B /* Assets.xcassets */; };
		583532B12195A6FC008D506B /* LaunchScreen.storyboard in Resources */ = {isa = PBXBuildFile; fileRef = 583532AF2195A6FC008D506B /* LaunchScreen.storyboard */; };
		583532BC2195A6FC008D506B /* test1Tests.swift in Sources */ = {isa = PBXBuildFile; fileRef = 583532BB2195A6FC008D506B /* test1Tests.swift */; };
		583532C72195A6FC008D506B /* test1UITests.swift in Sources */ = {isa = PBXBuildFile; fileRef = 583532C62195A6FC008D506B /* test1UITests.swift */; };
/* End PBXBuildFile section */

/* Begin PBXContainerItemProxy section */
		583532B82195A6FC008D506B /* PBXContainerItemProxy */ = {
			isa = PBXContainerItemProxy;
			containerPortal = 5835329B2195A6FB008D506B /* Project object */;
			proxyType = 1;
			remoteGlobalIDString = 583532A22195A6FB008D506B;
			remoteInfo = test1;
		};
		583532C32195A6FC008D506B /* PBXContainerItemProxy */ = {
			isa = PBXContainerItemProxy;
			containerPortal = 5835329B2195A6FB008D506B /* Project object */;
			proxyType = 1;
			remoteGlobalIDString = 583532A22195A6FB008D506B;
			remoteInfo = test1;
		};
/* End PBXContainerItemProxy section */

/* Begin PBXFileReference section */
		583532A32195A6FB008D506B /* test1.app */ = {isa = PBXFileReference; explicitFileType = wrapper.application; includeInIndex = 0; path = test1.app; sourceTree = BUILT_PRODUCTS_DIR; };
		583532A62195A6FB008D506B /* AppDelegate.swift */ = {isa = PBXFileReference; lastKnownFileType = sourcecode.swift; path = AppDelegate.swift; sourceTree = "<group>"; };
		583532A82195A6FB008D506B /* ViewController.swift */ = {isa = PBXFileReference; lastKnownFileType = sourcecode.swift; path = ViewController.swift; sourceTree = "<group>"; };
		583532AB2195A6FB008D506B /* Base */ = {isa = PBXFileReference; lastKnownFileType = file.storyboard; name = Base; path = Base.lproj/Main.storyboard; sourceTree = "<group>"; };
		583532AD2195A6FC008D506B /* Assets.xcassets */ = {isa = PBXFileReference; lastKnownFileType = folder.assetcatalog; path = Assets.xcassets; sourceTree = "<group>"; };
		583532B02195A6FC008D506B /* Base */ = {isa = PBXFileReference; lastKnownFileType = file.storyboard; name = Base; path = Base.lproj/LaunchScreen.storyboard; sourceTree = "<group>"; };
		583532B22195A6FC008D506B /* Info.plist */ = {isa = PBXFileReference; lastKnownFileType = text.plist.xml; path = Info.plist; sourceTree = "<group>"; };
		583532B72195A6FC008D506B /* test1Tests.xctest */ = {isa = PBXFileReference; explicitFileType = wrapper.cfbundle; includeInIndex = 0; path = test1Tests.xctest; sourceTree = BUILT_PRODUCTS_DIR; };
		583532BB2195A6FC008D506B /* test1Tests.swift */ = {isa = PBXFileReference; lastKnownFileType = sourcecode.swift; path = test1Tests.swift; sourceTree = "<group>"; };
		583532BD2195A6FC008D506B /* Info.plist */ = {isa = PBXFileReference; lastKnownFileType = text.plist.xml; path = Info.plist; sourceTree = "<group>"; };
		583532C22195A6FC008D506B /* test1UITests.xctest */ = {isa = PBXFileReference; explicitFileType = wrapper.cfbundle; includeInIndex = 0; path = test1UITests.xctest; sourceTree = BUILT_PRODUCTS_DIR; };
		583532C62195A6FC008D506B /* test1UITests.swift */ = {isa = PBXFileReference; lastKnownFileType = sourcecode.swift; path = test1UITests.swift; sourceTree = "<group>"; };
		583532C82195A6FC008D506B /* Info.plist */ = {isa = PBXFileReference; lastKnownFileType = text.plist.xml; path = Info.plist; sourceTree = "<group>"; };
/* End PBXFileReference section */

/* Begin PBXFrameworksBuildPhase section */
		583532A02195A6FB008D506B /* Frameworks */ = {
			isa = PBXFrameworksBuildPhase;
			buildActionMask = 2147483647;
			files = (
			);
			runOnlyForDeploymentPostprocessing = 0;
		};
		583532B42195A6FC008D506B /* Frameworks */ = {
			isa = PBXFrameworksBuildPhase;
			buildActionMask = 2147483647;
			files = (
			);
			runOnlyForDeploymentPostprocessing = 0;
		};
		583532BF2195A6FC008D506B /* Frameworks */ = {
			isa = PBXFrameworksBuildPhase;
			buildActionMask = 2147483647;
			files = (
			);
			runOnlyForDeploymentPostprocessing = 0;
		};
/* End PBXFrameworksBuildPhase section */

/* Begin PBXGroup section */
		5835329A2195A6FB008D506B = {
			isa = PBXGroup;
			children = (
				583532A52195A6FB008D506B /* test1 */,
				583532BA2195A6FC008D506B /* test1Tests */,
				583532C52195A6FC008D506B /* test1UITests */,
				583532A42195A6FB008D506B /* Products */,
			);
			sourceTree = "<group>";
		};
		583532A42195A6FB008D506B /* Products */ = {
			isa = PBXGroup;
			children = (
				583532A32195A6FB008D506B /* test1.app */,
				583532B72195A6FC008D506B /* test1Tests.xctest */,
				583532C22195A6FC008D506B /* test1UITests.xctest */,
			);
			name = Products;
			sourceTree = "<group>";
		};
		583532A52195A6FB008D506B /* test1 */ = {
			isa = PBXGroup;
			children = (
				583532A62195A6FB008D506B /* AppDelegate.swift */,
				583532A82195A6FB008D506B /* ViewController.swift */,
				583532AA2195A6FB008D506B /* Main.storyboard */,
				583532AD2195A6FC008D506B /* Assets.xcassets */,
				583532AF2195A6FC008D506B /* LaunchScreen.storyboard */,
				583532B22195A6FC008D506B /* Info.plist */,
			);
			path = test1;
			sourceTree = "<group>";
		};
		583532BA2195A6FC008D506B /* test1Tests */ = {
			isa = PBXGroup;
			children = (
				583532BB2195A6FC008D506B /* test1Tests.swift */,
				583532BD2195A6FC008D506B /* Info.plist */,
			);
			path = test1Tests;
			sourceTree = "<group>";
		};
		583532C52195A6FC008D506B /* test1UITests */ = {
			isa = PBXGroup;
			children = (
				583532C62195A6FC008D506B /* test1UITests.swift */,
				583532C82195A6FC008D506B /* Info.plist */,
			);
			path = test1UITests;
			sourceTree = "<group>";
		};
/* End PBXGroup section */

/* Begin PBXNativeTarget section */
		583532A22195A6FB008D506B /* test1 */ = {
			isa = PBXNativeTarget;
			buildConfigurationList = 583532CB2195A6FC008D506B /* Build configuration list for PBXNativeTarget "test1" */;
			buildPhases = (
				5835329F2195A6FB008D506B /* Sources */,
				583532A02195A6FB008D506B /* Frameworks */,
				583532A12195A6FB008D506B /* Resources */,
			);
			buildRules = (
			);
			dependencies = (
			);
			name = test1;
			productName = test1;
			productReference = 583532A32195A6FB008D506B /* test1.app */;
			productType = "com.apple.product-type.application";
		};
		583532B62195A6FC008D506B /* test1Tests */ = {
			isa = PBXNativeTarget;
			buildConfigurationList = 583532CE2195A6FC008D506B /* Build configuration list for PBXNativeTarget "test1Tests" */;
			buildPhases = (
				583532B32195A6FC008D506B /* Sources */,
				583532B42195A6FC008D506B /* Frameworks */,
				583532B52195A6FC008D506B /* Resources */,
			);
			buildRules = (
			);
			dependencies = (
				583532B92195A6FC008D506B /* PBXTargetDependency */,
			);
			name = test1Tests;
			productName = test1Tests;
			productReference = 583532B72195A6FC008D506B /* test1Tests.xctest */;
			productType = "com.apple.product-type.bundle.unit-test";
		};
		583532C12195A6FC008D506B /* test1UITests */ = {
			isa = PBXNativeTarget;
			buildConfigurationList = 583532D12195A6FC008D506B /* Build configuration list for PBXNativeTarget "test1UITests" */;
			buildPhases = (
				583532BE2195A6FC008D506B /* Sources */,
				583532BF2195A6FC008D506B /* Frameworks */,
				583532C02195A6FC008D506B /* Resources */,
			);
			buildRules = (
			);
			dependencies = (
				583532C42195A6FC008D506B /* PBXTargetDependency */,
			);
			name = test1UITests;
			productName = test1UITests;
			productReference = 583532C22195A6FC008D506B /* test1UITests.xctest */;
			productType = "com.apple.product-type.bundle.ui-testing";
		};
/* End PBXNativeTarget section */

/* Begin PBXProject section */
		5835329B2195A6FB008D506B /* Project object */ = {
			isa = PBXProject;
			attributes = {
				LastSwiftUpdateCheck = 1000;
				LastUpgradeCheck = 1000;
				ORGANIZATIONNAME = "Spencer SCHAFER";
				TargetAttributes = {
					583532A22195A6FB008D506B = {
						CreatedOnToolsVersion = 10.0;
					};
					583532B62195A6FC008D506B = {
						CreatedOnToolsVersion = 10.0;
						TestTargetID = 583532A22195A6FB008D506B;
					};
					583532C12195A6FC008D506B = {
						CreatedOnToolsVersion = 10.0;
						TestTargetID = 583532A22195A6FB008D506B;
					};
				};
			};
			buildConfigurationList = 5835329E2195A6FB008D506B /* Build configuration list for PBXProject "test1" */;
			compatibilityVersion = "Xcode 9.3";
			developmentRegion = en;
			hasScannedForEncodings = 0;
			knownRegions = (
				en,
				Base,
			);
			mainGroup = 5835329A2195A6FB008D506B;
			productRefGroup = 583532A42195A6FB008D506B /* Products */;
			projectDirPath = "";
			projectRoot = "";
			targets = (
				583532A22195A6FB008D506B /* test1 */,
				583532B62195A6FC008D506B /* test1Tests */,
				583532C12195A6FC008D506B /* test1UITests */,
			);
		};
/* End PBXProject section */

/* Begin PBXResourcesBuildPhase section */
		583532A12195A6FB008D506B /* Resources */ = {
			isa = PBXResourcesBuildPhase;
			buildActionMask = 2147483647;
			files = (
				583532B12195A6FC008D506B /* LaunchScreen.storyboard in Resources */,
				583532AE2195A6FC008D506B /* Assets.xcassets in Resources */,
				583532AC2195A6FB008D506B /* Main.storyboard in Resources */,
			);
			runOnlyForDeploymentPostprocessing = 0;
		};
		583532B52195A6FC008D506B /* Resources */ = {
			isa = PBXResourcesBuildPhase;
			buildActionMask = 2147483647;
			files = (
			);
			runOnlyForDeploymentPostprocessing = 0;
		};
		583532C02195A6FC008D506B /* Resources */ = {
			isa = PBXResourcesBuildPhase;
			buildActionMask = 2147483647;
			files = (
			);
			runOnlyForDeploymentPostprocessing = 0;
		};
/* End PBXResourcesBuildPhase section */

/* Begin PBXSourcesBuildPhase section */
		5835329F2195A6FB008D506B /* Sources */ = {
			isa = PBXSourcesBuildPhase;
			buildActionMask = 2147483647;
			files = (
				583532A92195A6FB008D506B /* ViewController.swift in Sources */,
				583532A72195A6FB008D506B /* AppDelegate.swift in Sources */,
			);
			runOnlyForDeploymentPostprocessing = 0;
		};
		583532B32195A6FC008D506B /* Sources */ = {
			isa = PBXSourcesBuildPhase;
			buildActionMask = 2147483647;
			files = (
				583532BC2195A6FC008D506B /* test1Tests.swift in Sources */,
			);
			runOnlyForDeploymentPostprocessing = 0;
		};
		583532BE2195A6FC008D506B /* Sources */ = {
			isa = PBXSourcesBuildPhase;
			buildActionMask = 2147483647;
			files = (
				583532C72195A6FC008D506B /* test1UITests.swift in Sources */,
			);
			runOnlyForDeploymentPostprocessing = 0;
		};
/* End PBXSourcesBuildPhase section */

/* Begin PBXTargetDependency section */
		583532B92195A6FC008D506B /* PBXTargetDependency */ = {
			isa = PBXTargetDependency;
			target = 583532A22195A6FB008D506B /* test1 */;
			targetProxy = 583532B82195A6FC008D506B /* PBXContainerItemProxy */;
		};
		583532C42195A6FC008D506B /* PBXTargetDependency */ = {
			isa = PBXTargetDependency;
			target = 583532A22195A6FB008D506B /* test1 */;
			targetProxy = 583532C32195A6FC008D506B /* PBXContainerItemProxy */;
		};
/* End PBXTargetDependency section */

/* Begin PBXVariantGroup section */
		583532AA2195A6FB008D506B /* Main.storyboard */ = {
			isa = PBXVariantGroup;
			children = (
				583532AB2195A6FB008D506B /* Base */,
			);
			name = Main.storyboard;
			sourceTree = "<group>";
		};
		583532AF2195A6FC008D506B /* LaunchScreen.storyboard */ = {
			isa = PBXVariantGroup;
			children = (
				583532B02195A6FC008D506B /* Base */,
			);
			name = LaunchScreen.storyboard;
			sourceTree = "<group>";
		};
/* End PBXVariantGroup section */

/* Begin XCBuildConfiguration section */
		583532C92195A6FC008D506B /* Debug */ = {
			isa = XCBuildConfiguration;
			buildSettings = {
				ALWAYS_SEARCH_USER_PATHS = NO;
				CLANG_ANALYZER_NONNULL = YES;
				CLANG_ANALYZER_NUMBER_OBJECT_CONVERSION = YES_AGGRESSIVE;
				CLANG_CXX_LANGUAGE_STANDARD = "gnu++14";
				CLANG_CXX_LIBRARY = "libc++";
				CLANG_ENABLE_MODULES = YES;
				CLANG_ENABLE_OBJC_ARC = YES;
				CLANG_ENABLE_OBJC_WEAK = YES;
				CLANG_WARN_BLOCK_CAPTURE_AUTORELEASING = YES;
				CLANG_WARN_BOOL_CONVERSION = YES;
				CLANG_WARN_COMMA = YES;
				CLANG_WARN_CONSTANT_CONVERSION = YES;
				CLANG_WARN_DEPRECATED_OBJC_IMPLEMENTATIONS = YES;
				CLANG_WARN_DIRECT_OBJC_ISA_USAGE = YES_ERROR;
				CLANG_WARN_DOCUMENTATION_COMMENTS = YES;
				CLANG_WARN_EMPTY_BODY = YES;
				CLANG_WARN_ENUM_CONVERSION = YES;
				CLANG_WARN_INFINITE_RECURSION = YES;
				CLANG_WARN_INT_CONVERSION = YES;
				CLANG_WARN_NON_LITERAL_NULL_CONVERSION = YES;
				CLANG_WARN_OBJC_IMPLICIT_RETAIN_SELF = YES;
				CLANG_WARN_OBJC_LITERAL_CONVERSION = YES;
				CLANG_WARN_OBJC_ROOT_CLASS = YES_ERROR;
				CLANG_WARN_RANGE_LOOP_ANALYSIS = YES;
				CLANG_WARN_STRICT_PROTOTYPES = YES;
				CLANG_WARN_SUSPICIOUS_MOVE = YES;
				CLANG_WARN_UNGUARDED_AVAILABILITY = YES_AGGRESSIVE;
				CLANG_WARN_UNREACHABLE_CODE = YES;
				CLANG_WARN__DUPLICATE_METHOD_MATCH = YES;
				CODE_SIGN_IDENTITY = "iPhone Developer";
				COPY_PHASE_STRIP = NO;
				DEBUG_INFORMATION_FORMAT = dwarf;
				ENABLE_STRICT_OBJC_MSGSEND = YES;
				ENABLE_TESTABILITY = YES;
				GCC_C_LANGUAGE_STANDARD = gnu11;
				GCC_DYNAMIC_NO_PIC = NO;
				GCC_NO_COMMON_BLOCKS = YES;
				GCC_OPTIMIZATION_LEVEL = 0;
				GCC_PREPROCESSOR_DEFINITIONS = (
					"DEBUG=1",
					"$(inherited)",
				);
				GCC_WARN_64_TO_32_BIT_CONVERSION = YES;
				GCC_WARN_ABOUT_RETURN_TYPE = YES_ERROR;
				GCC_WARN_UNDECLARED_SELECTOR = YES;
				GCC_WARN_UNINITIALIZED_AUTOS = YES_AGGRESSIVE;
				GCC_WARN_UNUSED_FUNCTION = YES;
				GCC_WARN_UNUSED_VARIABLE = YES;
				IPHONEOS_DEPLOYMENT_TARGET = 12.0;
				MTL_ENABLE_DEBUG_INFO = INCLUDE_SOURCE;
				MTL_FAST_MATH = YES;
				ONLY_ACTIVE_ARCH = YES;
				SDKROOT = iphoneos;
				SWIFT_ACTIVE_COMPILATION_CONDITIONS = DEBUG;
				SWIFT_OPTIMIZATION_LEVEL = "-Onone";
			};
			name = Debug;
		};
		583532CA2195A6FC008D506B /* Release */ = {
			isa = XCBuildConfiguration;
			buildSettings = {
				ALWAYS_SEARCH_USER_PATHS = NO;
				CLANG_ANALYZER_NONNULL = YES;
				CLANG_ANALYZER_NUMBER_OBJECT_CONVERSION = YES_AGGRESSIVE;
				CLANG_CXX_LANGUAGE_STANDARD = "gnu++14";
				CLANG_CXX_LIBRARY = "libc++";
				CLANG_ENABLE_MODULES = YES;
				CLANG_ENABLE_OBJC_ARC = YES;
				CLANG_ENABLE_OBJC_WEAK = YES;
				CLANG_WARN_BLOCK_CAPTURE_AUTORELEASING = YES;
				CLANG_WARN_BOOL_CONVERSION = YES;
				CLANG_WARN_COMMA = YES;
				CLANG_WARN_CONSTANT_CONVERSION = YES;
				CLANG_WARN_DEPRECATED_OBJC_IMPLEMENTATIONS = YES;
				CLANG_WARN_DIRECT_OBJC_ISA_USAGE = YES_ERROR;
				CLANG_WARN_DOCUMENTATION_COMMENTS = YES;
				CLANG_WARN_EMPTY_BODY = YES;
				CLANG_WARN_ENUM_CONVERSION = YES;
				CLANG_WARN_INFINITE_RECURSION = YES;
				CLANG_WARN_INT_CONVERSION = YES;
				CLANG_WARN_NON_LITERAL_NULL_CONVERSION = YES;
				CLANG_WARN_OBJC_IMPLICIT_RETAIN_SELF = YES;
				CLANG_WARN_OBJC_LITERAL_CONVERSION = YES;
				CLANG_WARN_OBJC_ROOT_CLASS = YES_ERROR;
				CLANG_WARN_RANGE_LOOP_ANALYSIS = YES;
				CLANG_WARN_STRICT_PROTOTYPES = YES;
				CLANG_WARN_SUSPICIOUS_MOVE = YES;
				CLANG_WARN_UNGUARDED_AVAILABILITY = YES_AGGRESSIVE;
				CLANG_WARN_UNREACHABLE_CODE = YES;
				CLANG_WARN__DUPLICATE_METHOD_MATCH = YES;
				CODE_SIGN_IDENTITY = "iPhone Developer";
				COPY_PHASE_STRIP = NO;
				DEBUG_INFORMATION_FORMAT = "dwarf-with-dsym";
				ENABLE_NS_ASSERTIONS = NO;
				ENABLE_STRICT_OBJC_MSGSEND = YES;
				GCC_C_LANGUAGE_STANDARD = gnu11;
				GCC_NO_COMMON_BLOCKS = YES;
				GCC_WARN_64_TO_32_BIT_CONVERSION = YES;
				GCC_WARN_ABOUT_RETURN_TYPE = YES_ERROR;
				GCC_WARN_UNDECLARED_SELECTOR = YES;
				GCC_WARN_UNINITIALIZED_AUTOS = YES_AGGRESSIVE;
				GCC_WARN_UNUSED_FUNCTION = YES;
				GCC_WARN_UNUSED_VARIABLE = YES;
				IPHONEOS_DEPLOYMENT_TARGET = 12.0;
				MTL_ENABLE_DEBUG_INFO = NO;
				MTL_FAST_MATH = YES;
				SDKROOT = iphoneos;
				SWIFT_COMPILATION_MODE = wholemodule;
				SWIFT_OPTIMIZATION_LEVEL = "-O";
				VALIDATE_PRODUCT = YES;
			};
			name = Release;
		};
		583532CC2195A6FC008D506B /* Debug */ = {
			isa = XCBuildConfiguration;
			buildSettings = {
				ASSETCATALOG_COMPILER_APPICON_NAME = AppIcon;
				CODE_SIGN_STYLE = Automatic;
				INFOPLIST_FILE = test1/Info.plist;
				LD_RUNPATH_SEARCH_PATHS = (
					"$(inherited)",
					"@executable_path/Frameworks",
				);
				PRODUCT_BUNDLE_IDENTIFIER = sschafer.test1;
				PRODUCT_NAME = "$(TARGET_NAME)";
				SWIFT_VERSION = 4.2;
				TARGETED_DEVICE_FAMILY = "1,2";
			};
			name = Debug;
		};
		583532CD2195A6FC008D506B /* Release */ = {
			isa = XCBuildConfiguration;
			buildSettings = {
				ASSETCATALOG_COMPILER_APPICON_NAME = AppIcon;
				CODE_SIGN_STYLE = Automatic;
				INFOPLIST_FILE = test1/Info.plist;
				LD_RUNPATH_SEARCH_PATHS = (
					"$(inherited)",
					"@executable_path/Frameworks",
				);
				PRODUCT_BUNDLE_IDENTIFIER = sschafer.test1;
				PRODUCT_NAME = "$(TARGET_NAME)";
				SWIFT_VERSION = 4.2;
				TARGETED_DEVICE_FAMILY = "1,2";
			};
			name = Release;
		};
		583532CF2195A6FC008D506B /* Debug */ = {
			isa = XCBuildConfiguration;
			buildSettings = {
				ALWAYS_EMBED_SWIFT_STANDARD_LIBRARIES = YES;
				BUNDLE_LOADER = "$(TEST_HOST)";
				CODE_SIGN_STYLE = Automatic;
				INFOPLIST_FILE = test1Tests/Info.plist;
				LD_RUNPATH_SEARCH_PATHS = (
					"$(inherited)",
					"@executable_path/Frameworks",
					"@loader_path/Frameworks",
				);
				PRODUCT_BUNDLE_IDENTIFIER = sschafer.test1Tests;
				PRODUCT_NAME = "$(TARGET_NAME)";
				SWIFT_VERSION = 4.2;
				TARGETED_DEVICE_FAMILY = "1,2";
				TEST_HOST = "$(BUILT_PRODUCTS_DIR)/test1.app/test1";
			};
			name = Debug;
		};
		583532D02195A6FC008D506B /* Release */ = {
			isa = XCBuildConfiguration;
			buildSettings = {
				ALWAYS_EMBED_SWIFT_STANDARD_LIBRARIES = YES;
				BUNDLE_LOADER = "$(TEST_HOST)";
				CODE_SIGN_STYLE = Automatic;
				INFOPLIST_FILE = test1Tests/Info.plist;
				LD_RUNPATH_SEARCH_PATHS = (
					"$(inherited)",
					"@executable_path/Frameworks",
					"@loader_path/Frameworks",
				);
				PRODUCT_BUNDLE_IDENTIFIER = sschafer.test1Tests;
				PRODUCT_NAME = "$(TARGET_NAME)";
				SWIFT_VERSION = 4.2;
				TARGETED_DEVICE_FAMILY = "1,2";
				TEST_HOST = "$(BUILT_PRODUCTS_DIR)/test1.app/test1";
			};
			name = Release;
		};
		583532D22195A6FC008D506B /* Debug */ = {
			isa = XCBuildConfiguration;
			buildSettings = {
				ALWAYS_EMBED_SWIFT_STANDARD_LIBRARIES = YES;
				CODE_SIGN_STYLE = Automatic;
				INFOPLIST_FILE = test1UITests/Info.plist;
				LD_RUNPATH_SEARCH_PATHS = (
					"$(inherited)",
					"@executable_path/Frameworks",
					"@loader_path/Frameworks",
				);
				PRODUCT_BUNDLE_IDENTIFIER = sschafer.test1UITests;
				PRODUCT_NAME = "$(TARGET_NAME)";
				SWIFT_VERSION = 4.2;
				TARGETED_DEVICE_FAMILY = "1,2";
				TEST_TARGET_NAME = test1;
			};
			name = Debug;
		};
		583532D32195A6FC008D506B /* Release */ = {
			isa = XCBuildConfiguration;
			buildSettings = {
				ALWAYS_EMBED_SWIFT_STANDARD_LIBRARIES = YES;
				CODE_SIGN_STYLE = Automatic;
				INFOPLIST_FILE = test1UITests/Info.plist;
				LD_RUNPATH_SEARCH_PATHS = (
					"$(inherited)",
					"@executable_path/Frameworks",
					"@loader_path/Frameworks",
				);
				PRODUCT_BUNDLE_IDENTIFIER = sschafer.test1UITests;
				PRODUCT_NAME = "$(TARGET_NAME)";
				SWIFT_VERSION = 4.2;
				TARGETED_DEVICE_FAMILY = "1,2";
				TEST_TARGET_NAME = test1;
			};
			name = Release;
		};
/* End XCBuildConfiguration section */

/* Begin XCConfigurationList section */
		5835329E2195A6FB008D506B /* Build configuration list for PBXProject "test1" */ = {
			isa = XCConfigurationList;
			buildConfigurations = (
				583532C92195A6FC008D506B /* Debug */,
				583532CA2195A6FC008D506B /* Release */,
			);
			defaultConfigurationIsVisible = 0;
			defaultConfigurationName = Release;
		};
		583532CB2195A6FC008D506B /* Build configuration list for PBXNativeTarget "test1" */ = {
			isa = XCConfigurationList;
			buildConfigurations = (
				583532CC2195A6FC008D506B /* Debug */,
				583532CD2195A6FC008D506B /* Release */,
			);
			defaultConfigurationIsVisible = 0;
			defaultConfigurationName = Release;
		};
		583532CE2195A6FC008D506B /* Build configuration list for PBXNativeTarget "test1Tests" */ = {
			isa = XCConfigurationList;
			buildConfigurations = (
				583532CF2195A6FC008D506B /* Debug */,
				583532D02195A6FC008D506B /* Release */,
			);
			defaultConfigurationIsVisible = 0;
			defaultConfigurationName = Release;
		};
		583532D12195A6FC008D506B /* Build configuration list for PBXNativeTarget "test1UITests" */ = {
			isa = XCConfigurationList;
			buildConfigurations = (
				583532D22195A6FC008D506B /* Debug */,
				583532D32195A6FC008D506B /* Release */,
			);
			defaultConfigurationIsVisible = 0;
			defaultConfigurationName = Release;
		};
/* End XCConfigurationList section */
	};
	rootObject = 5835329B2195A6FB008D506B /* Project object */;
}
