// !$*UTF8*$!
{
	archiveVersion = 1;
	classes = {
	};
	objectVersion = 50;
	objects = {

/* Begin PBXBuildFile section */
		587BE1AC2191A89C0069BC8A /* AppDelegate.swift in Sources */ = {isa = PBXBuildFile; fileRef = 587BE1AB2191A89C0069BC8A /* AppDelegate.swift */; };
		587BE1AE2191A89C0069BC8A /* ViewController.swift in Sources */ = {isa = PBXBuildFile; fileRef = 587BE1AD2191A89C0069BC8A /* ViewController.swift */; };
		587BE1B12191A89C0069BC8A /* Main.storyboard in Resources */ = {isa = PBXBuildFile; fileRef = 587BE1AF2191A89C0069BC8A /* Main.storyboard */; };
		587BE1B32191A8A10069BC8A /* Assets.xcassets in Resources */ = {isa = PBXBuildFile; fileRef = 587BE1B22191A8A10069BC8A /* Assets.xcassets */; };
		587BE1B62191A8A10069BC8A /* LaunchScreen.storyboard in Resources */ = {isa = PBXBuildFile; fileRef = 587BE1B42191A8A10069BC8A /* LaunchScreen.storyboard */; };
		587BE1C12191A8A10069BC8A /* SAS_SWIFTYTests.swift in Sources */ = {isa = PBXBuildFile; fileRef = 587BE1C02191A8A10069BC8A /* SAS_SWIFTYTests.swift */; };
		587BE1CC2191A8A10069BC8A /* SAS_SWIFTYUITests.swift in Sources */ = {isa = PBXBuildFile; fileRef = 587BE1CB2191A8A10069BC8A /* SAS_SWIFTYUITests.swift */; };
/* End PBXBuildFile section */

/* Begin PBXContainerItemProxy section */
		587BE1BD2191A8A10069BC8A /* PBXContainerItemProxy */ = {
			isa = PBXContainerItemProxy;
			containerPortal = 587BE1A02191A89B0069BC8A /* Project object */;
			proxyType = 1;
			remoteGlobalIDString = 587BE1A72191A89C0069BC8A;
			remoteInfo = "SAS-SWIFTY";
		};
		587BE1C82191A8A10069BC8A /* PBXContainerItemProxy */ = {
			isa = PBXContainerItemProxy;
			containerPortal = 587BE1A02191A89B0069BC8A /* Project object */;
			proxyType = 1;
			remoteGlobalIDString = 587BE1A72191A89C0069BC8A;
			remoteInfo = "SAS-SWIFTY";
		};
/* End PBXContainerItemProxy section */

/* Begin PBXFileReference section */
		587BE1A82191A89C0069BC8A /* SAS-SWIFTY.app */ = {isa = PBXFileReference; explicitFileType = wrapper.application; includeInIndex = 0; path = "SAS-SWIFTY.app"; sourceTree = BUILT_PRODUCTS_DIR; };
		587BE1AB2191A89C0069BC8A /* AppDelegate.swift */ = {isa = PBXFileReference; lastKnownFileType = sourcecode.swift; path = AppDelegate.swift; sourceTree = "<group>"; };
		587BE1AD2191A89C0069BC8A /* ViewController.swift */ = {isa = PBXFileReference; lastKnownFileType = sourcecode.swift; path = ViewController.swift; sourceTree = "<group>"; };
		587BE1B02191A89C0069BC8A /* Base */ = {isa = PBXFileReference; lastKnownFileType = file.storyboard; name = Base; path = Base.lproj/Main.storyboard; sourceTree = "<group>"; };
		587BE1B22191A8A10069BC8A /* Assets.xcassets */ = {isa = PBXFileReference; lastKnownFileType = folder.assetcatalog; path = Assets.xcassets; sourceTree = "<group>"; };
		587BE1B52191A8A10069BC8A /* Base */ = {isa = PBXFileReference; lastKnownFileType = file.storyboard; name = Base; path = Base.lproj/LaunchScreen.storyboard; sourceTree = "<group>"; };
		587BE1B72191A8A10069BC8A /* Info.plist */ = {isa = PBXFileReference; lastKnownFileType = text.plist.xml; path = Info.plist; sourceTree = "<group>"; };
		587BE1BC2191A8A10069BC8A /* SAS-SWIFTYTests.xctest */ = {isa = PBXFileReference; explicitFileType = wrapper.cfbundle; includeInIndex = 0; path = "SAS-SWIFTYTests.xctest"; sourceTree = BUILT_PRODUCTS_DIR; };
		587BE1C02191A8A10069BC8A /* SAS_SWIFTYTests.swift */ = {isa = PBXFileReference; lastKnownFileType = sourcecode.swift; path = SAS_SWIFTYTests.swift; sourceTree = "<group>"; };
		587BE1C22191A8A10069BC8A /* Info.plist */ = {isa = PBXFileReference; lastKnownFileType = text.plist.xml; path = Info.plist; sourceTree = "<group>"; };
		587BE1C72191A8A10069BC8A /* SAS-SWIFTYUITests.xctest */ = {isa = PBXFileReference; explicitFileType = wrapper.cfbundle; includeInIndex = 0; path = "SAS-SWIFTYUITests.xctest"; sourceTree = BUILT_PRODUCTS_DIR; };
		587BE1CB2191A8A10069BC8A /* SAS_SWIFTYUITests.swift */ = {isa = PBXFileReference; lastKnownFileType = sourcecode.swift; path = SAS_SWIFTYUITests.swift; sourceTree = "<group>"; };
		587BE1CD2191A8A10069BC8A /* Info.plist */ = {isa = PBXFileReference; lastKnownFileType = text.plist.xml; path = Info.plist; sourceTree = "<group>"; };
/* End PBXFileReference section */

/* Begin PBXFrameworksBuildPhase section */
		587BE1A52191A89C0069BC8A /* Frameworks */ = {
			isa = PBXFrameworksBuildPhase;
			buildActionMask = 2147483647;
			files = (
			);
			runOnlyForDeploymentPostprocessing = 0;
		};
		587BE1B92191A8A10069BC8A /* Frameworks */ = {
			isa = PBXFrameworksBuildPhase;
			buildActionMask = 2147483647;
			files = (
			);
			runOnlyForDeploymentPostprocessing = 0;
		};
		587BE1C42191A8A10069BC8A /* Frameworks */ = {
			isa = PBXFrameworksBuildPhase;
			buildActionMask = 2147483647;
			files = (
			);
			runOnlyForDeploymentPostprocessing = 0;
		};
/* End PBXFrameworksBuildPhase section */

/* Begin PBXGroup section */
		587BE19F2191A89B0069BC8A = {
			isa = PBXGroup;
			children = (
				587BE1AA2191A89C0069BC8A /* SAS-SWIFTY */,
				587BE1BF2191A8A10069BC8A /* SAS-SWIFTYTests */,
				587BE1CA2191A8A10069BC8A /* SAS-SWIFTYUITests */,
				587BE1A92191A89C0069BC8A /* Products */,
			);
			sourceTree = "<group>";
		};
		587BE1A92191A89C0069BC8A /* Products */ = {
			isa = PBXGroup;
			children = (
				587BE1A82191A89C0069BC8A /* SAS-SWIFTY.app */,
				587BE1BC2191A8A10069BC8A /* SAS-SWIFTYTests.xctest */,
				587BE1C72191A8A10069BC8A /* SAS-SWIFTYUITests.xctest */,
			);
			name = Products;
			sourceTree = "<group>";
		};
		587BE1AA2191A89C0069BC8A /* SAS-SWIFTY */ = {
			isa = PBXGroup;
			children = (
				587BE1AB2191A89C0069BC8A /* AppDelegate.swift */,
				587BE1AD2191A89C0069BC8A /* ViewController.swift */,
				587BE1AF2191A89C0069BC8A /* Main.storyboard */,
				587BE1B22191A8A10069BC8A /* Assets.xcassets */,
				587BE1B42191A8A10069BC8A /* LaunchScreen.storyboard */,
				587BE1B72191A8A10069BC8A /* Info.plist */,
			);
			path = "SAS-SWIFTY";
			sourceTree = "<group>";
		};
		587BE1BF2191A8A10069BC8A /* SAS-SWIFTYTests */ = {
			isa = PBXGroup;
			children = (
				587BE1C02191A8A10069BC8A /* SAS_SWIFTYTests.swift */,
				587BE1C22191A8A10069BC8A /* Info.plist */,
			);
			path = "SAS-SWIFTYTests";
			sourceTree = "<group>";
		};
		587BE1CA2191A8A10069BC8A /* SAS-SWIFTYUITests */ = {
			isa = PBXGroup;
			children = (
				587BE1CB2191A8A10069BC8A /* SAS_SWIFTYUITests.swift */,
				587BE1CD2191A8A10069BC8A /* Info.plist */,
			);
			path = "SAS-SWIFTYUITests";
			sourceTree = "<group>";
		};
/* End PBXGroup section */

/* Begin PBXNativeTarget section */
		587BE1A72191A89C0069BC8A /* SAS-SWIFTY */ = {
			isa = PBXNativeTarget;
			buildConfigurationList = 587BE1D02191A8A10069BC8A /* Build configuration list for PBXNativeTarget "SAS-SWIFTY" */;
			buildPhases = (
				587BE1A42191A89C0069BC8A /* Sources */,
				587BE1A52191A89C0069BC8A /* Frameworks */,
				587BE1A62191A89C0069BC8A /* Resources */,
			);
			buildRules = (
			);
			dependencies = (
			);
			name = "SAS-SWIFTY";
			productName = "SAS-SWIFTY";
			productReference = 587BE1A82191A89C0069BC8A /* SAS-SWIFTY.app */;
			productType = "com.apple.product-type.application";
		};
		587BE1BB2191A8A10069BC8A /* SAS-SWIFTYTests */ = {
			isa = PBXNativeTarget;
			buildConfigurationList = 587BE1D32191A8A10069BC8A /* Build configuration list for PBXNativeTarget "SAS-SWIFTYTests" */;
			buildPhases = (
				587BE1B82191A8A10069BC8A /* Sources */,
				587BE1B92191A8A10069BC8A /* Frameworks */,
				587BE1BA2191A8A10069BC8A /* Resources */,
			);
			buildRules = (
			);
			dependencies = (
				587BE1BE2191A8A10069BC8A /* PBXTargetDependency */,
			);
			name = "SAS-SWIFTYTests";
			productName = "SAS-SWIFTYTests";
			productReference = 587BE1BC2191A8A10069BC8A /* SAS-SWIFTYTests.xctest */;
			productType = "com.apple.product-type.bundle.unit-test";
		};
		587BE1C62191A8A10069BC8A /* SAS-SWIFTYUITests */ = {
			isa = PBXNativeTarget;
			buildConfigurationList = 587BE1D62191A8A10069BC8A /* Build configuration list for PBXNativeTarget "SAS-SWIFTYUITests" */;
			buildPhases = (
				587BE1C32191A8A10069BC8A /* Sources */,
				587BE1C42191A8A10069BC8A /* Frameworks */,
				587BE1C52191A8A10069BC8A /* Resources */,
			);
			buildRules = (
			);
			dependencies = (
				587BE1C92191A8A10069BC8A /* PBXTargetDependency */,
			);
			name = "SAS-SWIFTYUITests";
			productName = "SAS-SWIFTYUITests";
			productReference = 587BE1C72191A8A10069BC8A /* SAS-SWIFTYUITests.xctest */;
			productType = "com.apple.product-type.bundle.ui-testing";
		};
/* End PBXNativeTarget section */

/* Begin PBXProject section */
		587BE1A02191A89B0069BC8A /* Project object */ = {
			isa = PBXProject;
			attributes = {
				LastSwiftUpdateCheck = 1000;
				LastUpgradeCheck = 1000;
				ORGANIZATIONNAME = sschafer;
				TargetAttributes = {
					587BE1A72191A89C0069BC8A = {
						CreatedOnToolsVersion = 10.0;
					};
					587BE1BB2191A8A10069BC8A = {
						CreatedOnToolsVersion = 10.0;
						TestTargetID = 587BE1A72191A89C0069BC8A;
					};
					587BE1C62191A8A10069BC8A = {
						CreatedOnToolsVersion = 10.0;
						TestTargetID = 587BE1A72191A89C0069BC8A;
					};
				};
			};
			buildConfigurationList = 587BE1A32191A89B0069BC8A /* Build configuration list for PBXProject "SAS-SWIFTY" */;
			compatibilityVersion = "Xcode 9.3";
			developmentRegion = en;
			hasScannedForEncodings = 0;
			knownRegions = (
				en,
				Base,
			);
			mainGroup = 587BE19F2191A89B0069BC8A;
			productRefGroup = 587BE1A92191A89C0069BC8A /* Products */;
			projectDirPath = "";
			projectRoot = "";
			targets = (
				587BE1A72191A89C0069BC8A /* SAS-SWIFTY */,
				587BE1BB2191A8A10069BC8A /* SAS-SWIFTYTests */,
				587BE1C62191A8A10069BC8A /* SAS-SWIFTYUITests */,
			);
		};
/* End PBXProject section */

/* Begin PBXResourcesBuildPhase section */
		587BE1A62191A89C0069BC8A /* Resources */ = {
			isa = PBXResourcesBuildPhase;
			buildActionMask = 2147483647;
			files = (
				587BE1B62191A8A10069BC8A /* LaunchScreen.storyboard in Resources */,
				587BE1B32191A8A10069BC8A /* Assets.xcassets in Resources */,
				587BE1B12191A89C0069BC8A /* Main.storyboard in Resources */,
			);
			runOnlyForDeploymentPostprocessing = 0;
		};
		587BE1BA2191A8A10069BC8A /* Resources */ = {
			isa = PBXResourcesBuildPhase;
			buildActionMask = 2147483647;
			files = (
			);
			runOnlyForDeploymentPostprocessing = 0;
		};
		587BE1C52191A8A10069BC8A /* Resources */ = {
			isa = PBXResourcesBuildPhase;
			buildActionMask = 2147483647;
			files = (
			);
			runOnlyForDeploymentPostprocessing = 0;
		};
/* End PBXResourcesBuildPhase section */

/* Begin PBXSourcesBuildPhase section */
		587BE1A42191A89C0069BC8A /* Sources */ = {
			isa = PBXSourcesBuildPhase;
			buildActionMask = 2147483647;
			files = (
				587BE1AE2191A89C0069BC8A /* ViewController.swift in Sources */,
				587BE1AC2191A89C0069BC8A /* AppDelegate.swift in Sources */,
			);
			runOnlyForDeploymentPostprocessing = 0;
		};
		587BE1B82191A8A10069BC8A /* Sources */ = {
			isa = PBXSourcesBuildPhase;
			buildActionMask = 2147483647;
			files = (
				587BE1C12191A8A10069BC8A /* SAS_SWIFTYTests.swift in Sources */,
			);
			runOnlyForDeploymentPostprocessing = 0;
		};
		587BE1C32191A8A10069BC8A /* Sources */ = {
			isa = PBXSourcesBuildPhase;
			buildActionMask = 2147483647;
			files = (
				587BE1CC2191A8A10069BC8A /* SAS_SWIFTYUITests.swift in Sources */,
			);
			runOnlyForDeploymentPostprocessing = 0;
		};
/* End PBXSourcesBuildPhase section */

/* Begin PBXTargetDependency section */
		587BE1BE2191A8A10069BC8A /* PBXTargetDependency */ = {
			isa = PBXTargetDependency;
			target = 587BE1A72191A89C0069BC8A /* SAS-SWIFTY */;
			targetProxy = 587BE1BD2191A8A10069BC8A /* PBXContainerItemProxy */;
		};
		587BE1C92191A8A10069BC8A /* PBXTargetDependency */ = {
			isa = PBXTargetDependency;
			target = 587BE1A72191A89C0069BC8A /* SAS-SWIFTY */;
			targetProxy = 587BE1C82191A8A10069BC8A /* PBXContainerItemProxy */;
		};
/* End PBXTargetDependency section */

/* Begin PBXVariantGroup section */
		587BE1AF2191A89C0069BC8A /* Main.storyboard */ = {
			isa = PBXVariantGroup;
			children = (
				587BE1B02191A89C0069BC8A /* Base */,
			);
			name = Main.storyboard;
			sourceTree = "<group>";
		};
		587BE1B42191A8A10069BC8A /* LaunchScreen.storyboard */ = {
			isa = PBXVariantGroup;
			children = (
				587BE1B52191A8A10069BC8A /* Base */,
			);
			name = LaunchScreen.storyboard;
			sourceTree = "<group>";
		};
/* End PBXVariantGroup section */

/* Begin XCBuildConfiguration section */
		587BE1CE2191A8A10069BC8A /* Debug */ = {
			isa = XCBuildConfiguration;
			buildSettings = {
				ALWAYS_SEARCH_USER_PATHS = NO;
				CLANG_ANALYZER_NONNULL = YES;
				CLANG_ANALYZER_NUMBER_OBJECT_CONVERSION = YES_AGGRESSIVE;
				CLANG_CXX_LANGUAGE_STANDARD = "gnu++14";
				CLANG_CXX_LIBRARY = "libc++";
				CLANG_ENABLE_MODULES = YES;
				CLANG_ENABLE_OBJC_ARC = YES;
				CLANG_ENABLE_OBJC_WEAK = YES;
				CLANG_WARN_BLOCK_CAPTURE_AUTORELEASING = YES;
				CLANG_WARN_BOOL_CONVERSION = YES;
				CLANG_WARN_COMMA = YES;
				CLANG_WARN_CONSTANT_CONVERSION = YES;
				CLANG_WARN_DEPRECATED_OBJC_IMPLEMENTATIONS = YES;
				CLANG_WARN_DIRECT_OBJC_ISA_USAGE = YES_ERROR;
				CLANG_WARN_DOCUMENTATION_COMMENTS = YES;
				CLANG_WARN_EMPTY_BODY = YES;
				CLANG_WARN_ENUM_CONVERSION = YES;
				CLANG_WARN_INFINITE_RECURSION = YES;
				CLANG_WARN_INT_CONVERSION = YES;
				CLANG_WARN_NON_LITERAL_NULL_CONVERSION = YES;
				CLANG_WARN_OBJC_IMPLICIT_RETAIN_SELF = YES;
				CLANG_WARN_OBJC_LITERAL_CONVERSION = YES;
				CLANG_WARN_OBJC_ROOT_CLASS = YES_ERROR;
				CLANG_WARN_RANGE_LOOP_ANALYSIS = YES;
				CLANG_WARN_STRICT_PROTOTYPES = YES;
				CLANG_WARN_SUSPICIOUS_MOVE = YES;
				CLANG_WARN_UNGUARDED_AVAILABILITY = YES_AGGRESSIVE;
				CLANG_WARN_UNREACHABLE_CODE = YES;
				CLANG_WARN__DUPLICATE_METHOD_MATCH = YES;
				CODE_SIGN_IDENTITY = "iPhone Developer";
				COPY_PHASE_STRIP = NO;
				DEBUG_INFORMATION_FORMAT = dwarf;
				ENABLE_STRICT_OBJC_MSGSEND = YES;
				ENABLE_TESTABILITY = YES;
				GCC_C_LANGUAGE_STANDARD = gnu11;
				GCC_DYNAMIC_NO_PIC = NO;
				GCC_NO_COMMON_BLOCKS = YES;
				GCC_OPTIMIZATION_LEVEL = 0;
				GCC_PREPROCESSOR_DEFINITIONS = (
					"DEBUG=1",
					"$(inherited)",
				);
				GCC_WARN_64_TO_32_BIT_CONVERSION = YES;
				GCC_WARN_ABOUT_RETURN_TYPE = YES_ERROR;
				GCC_WARN_UNDECLARED_SELECTOR = YES;
				GCC_WARN_UNINITIALIZED_AUTOS = YES_AGGRESSIVE;
				GCC_WARN_UNUSED_FUNCTION = YES;
				GCC_WARN_UNUSED_VARIABLE = YES;
				IPHONEOS_DEPLOYMENT_TARGET = 12.0;
				MTL_ENABLE_DEBUG_INFO = INCLUDE_SOURCE;
				MTL_FAST_MATH = YES;
				ONLY_ACTIVE_ARCH = YES;
				SDKROOT = iphoneos;
				SWIFT_ACTIVE_COMPILATION_CONDITIONS = DEBUG;
				SWIFT_OPTIMIZATION_LEVEL = "-Onone";
			};
			name = Debug;
		};
		587BE1CF2191A8A10069BC8A /* Release */ = {
			isa = XCBuildConfiguration;
			buildSettings = {
				ALWAYS_SEARCH_USER_PATHS = NO;
				CLANG_ANALYZER_NONNULL = YES;
				CLANG_ANALYZER_NUMBER_OBJECT_CONVERSION = YES_AGGRESSIVE;
				CLANG_CXX_LANGUAGE_STANDARD = "gnu++14";
				CLANG_CXX_LIBRARY = "libc++";
				CLANG_ENABLE_MODULES = YES;
				CLANG_ENABLE_OBJC_ARC = YES;
				CLANG_ENABLE_OBJC_WEAK = YES;
				CLANG_WARN_BLOCK_CAPTURE_AUTORELEASING = YES;
				CLANG_WARN_BOOL_CONVERSION = YES;
				CLANG_WARN_COMMA = YES;
				CLANG_WARN_CONSTANT_CONVERSION = YES;
				CLANG_WARN_DEPRECATED_OBJC_IMPLEMENTATIONS = YES;
				CLANG_WARN_DIRECT_OBJC_ISA_USAGE = YES_ERROR;
				CLANG_WARN_DOCUMENTATION_COMMENTS = YES;
				CLANG_WARN_EMPTY_BODY = YES;
				CLANG_WARN_ENUM_CONVERSION = YES;
				CLANG_WARN_INFINITE_RECURSION = YES;
				CLANG_WARN_INT_CONVERSION = YES;
				CLANG_WARN_NON_LITERAL_NULL_CONVERSION = YES;
				CLANG_WARN_OBJC_IMPLICIT_RETAIN_SELF = YES;
				CLANG_WARN_OBJC_LITERAL_CONVERSION = YES;
				CLANG_WARN_OBJC_ROOT_CLASS = YES_ERROR;
				CLANG_WARN_RANGE_LOOP_ANALYSIS = YES;
				CLANG_WARN_STRICT_PROTOTYPES = YES;
				CLANG_WARN_SUSPICIOUS_MOVE = YES;
				CLANG_WARN_UNGUARDED_AVAILABILITY = YES_AGGRESSIVE;
				CLANG_WARN_UNREACHABLE_CODE = YES;
				CLANG_WARN__DUPLICATE_METHOD_MATCH = YES;
				CODE_SIGN_IDENTITY = "iPhone Developer";
				COPY_PHASE_STRIP = NO;
				DEBUG_INFORMATION_FORMAT = "dwarf-with-dsym";
				ENABLE_NS_ASSERTIONS = NO;
				ENABLE_STRICT_OBJC_MSGSEND = YES;
				GCC_C_LANGUAGE_STANDARD = gnu11;
				GCC_NO_COMMON_BLOCKS = YES;
				GCC_WARN_64_TO_32_BIT_CONVERSION = YES;
				GCC_WARN_ABOUT_RETURN_TYPE = YES_ERROR;
				GCC_WARN_UNDECLARED_SELECTOR = YES;
				GCC_WARN_UNINITIALIZED_AUTOS = YES_AGGRESSIVE;
				GCC_WARN_UNUSED_FUNCTION = YES;
				GCC_WARN_UNUSED_VARIABLE = YES;
				IPHONEOS_DEPLOYMENT_TARGET = 12.0;
				MTL_ENABLE_DEBUG_INFO = NO;
				MTL_FAST_MATH = YES;
				SDKROOT = iphoneos;
				SWIFT_COMPILATION_MODE = wholemodule;
				SWIFT_OPTIMIZATION_LEVEL = "-O";
				VALIDATE_PRODUCT = YES;
			};
			name = Release;
		};
		587BE1D12191A8A10069BC8A /* Debug */ = {
			isa = XCBuildConfiguration;
			buildSettings = {
				ASSETCATALOG_COMPILER_APPICON_NAME = AppIcon;
				CODE_SIGN_STYLE = Automatic;
				INFOPLIST_FILE = "SAS-SWIFTY/Info.plist";
				LD_RUNPATH_SEARCH_PATHS = (
					"$(inherited)",
					"@executable_path/Frameworks",
				);
				PRODUCT_BUNDLE_IDENTIFIER = "sschafer.SAS-SWIFTY";
				PRODUCT_NAME = "$(TARGET_NAME)";
				SWIFT_VERSION = 4.2;
				TARGETED_DEVICE_FAMILY = "1,2";
			};
			name = Debug;
		};
		587BE1D22191A8A10069BC8A /* Release */ = {
			isa = XCBuildConfiguration;
			buildSettings = {
				ASSETCATALOG_COMPILER_APPICON_NAME = AppIcon;
				CODE_SIGN_STYLE = Automatic;
				INFOPLIST_FILE = "SAS-SWIFTY/Info.plist";
				LD_RUNPATH_SEARCH_PATHS = (
					"$(inherited)",
					"@executable_path/Frameworks",
				);
				PRODUCT_BUNDLE_IDENTIFIER = "sschafer.SAS-SWIFTY";
				PRODUCT_NAME = "$(TARGET_NAME)";
				SWIFT_VERSION = 4.2;
				TARGETED_DEVICE_FAMILY = "1,2";
			};
			name = Release;
		};
		587BE1D42191A8A10069BC8A /* Debug */ = {
			isa = XCBuildConfiguration;
			buildSettings = {
				ALWAYS_EMBED_SWIFT_STANDARD_LIBRARIES = YES;
				BUNDLE_LOADER = "$(TEST_HOST)";
				CODE_SIGN_STYLE = Automatic;
				INFOPLIST_FILE = "SAS-SWIFTYTests/Info.plist";
				LD_RUNPATH_SEARCH_PATHS = (
					"$(inherited)",
					"@executable_path/Frameworks",
					"@loader_path/Frameworks",
				);
				PRODUCT_BUNDLE_IDENTIFIER = "sschafer.SAS-SWIFTYTests";
				PRODUCT_NAME = "$(TARGET_NAME)";
				SWIFT_VERSION = 4.2;
				TARGETED_DEVICE_FAMILY = "1,2";
				TEST_HOST = "$(BUILT_PRODUCTS_DIR)/SAS-SWIFTY.app/SAS-SWIFTY";
			};
			name = Debug;
		};
		587BE1D52191A8A10069BC8A /* Release */ = {
			isa = XCBuildConfiguration;
			buildSettings = {
				ALWAYS_EMBED_SWIFT_STANDARD_LIBRARIES = YES;
				BUNDLE_LOADER = "$(TEST_HOST)";
				CODE_SIGN_STYLE = Automatic;
				INFOPLIST_FILE = "SAS-SWIFTYTests/Info.plist";
				LD_RUNPATH_SEARCH_PATHS = (
					"$(inherited)",
					"@executable_path/Frameworks",
					"@loader_path/Frameworks",
				);
				PRODUCT_BUNDLE_IDENTIFIER = "sschafer.SAS-SWIFTYTests";
				PRODUCT_NAME = "$(TARGET_NAME)";
				SWIFT_VERSION = 4.2;
				TARGETED_DEVICE_FAMILY = "1,2";
				TEST_HOST = "$(BUILT_PRODUCTS_DIR)/SAS-SWIFTY.app/SAS-SWIFTY";
			};
			name = Release;
		};
		587BE1D72191A8A10069BC8A /* Debug */ = {
			isa = XCBuildConfiguration;
			buildSettings = {
				ALWAYS_EMBED_SWIFT_STANDARD_LIBRARIES = YES;
				CODE_SIGN_STYLE = Automatic;
				INFOPLIST_FILE = "SAS-SWIFTYUITests/Info.plist";
				LD_RUNPATH_SEARCH_PATHS = (
					"$(inherited)",
					"@executable_path/Frameworks",
					"@loader_path/Frameworks",
				);
				PRODUCT_BUNDLE_IDENTIFIER = "sschafer.SAS-SWIFTYUITests";
				PRODUCT_NAME = "$(TARGET_NAME)";
				SWIFT_VERSION = 4.2;
				TARGETED_DEVICE_FAMILY = "1,2";
				TEST_TARGET_NAME = "SAS-SWIFTY";
			};
			name = Debug;
		};
		587BE1D82191A8A10069BC8A /* Release */ = {
			isa = XCBuildConfiguration;
			buildSettings = {
				ALWAYS_EMBED_SWIFT_STANDARD_LIBRARIES = YES;
				CODE_SIGN_STYLE = Automatic;
				INFOPLIST_FILE = "SAS-SWIFTYUITests/Info.plist";
				LD_RUNPATH_SEARCH_PATHS = (
					"$(inherited)",
					"@executable_path/Frameworks",
					"@loader_path/Frameworks",
				);
				PRODUCT_BUNDLE_IDENTIFIER = "sschafer.SAS-SWIFTYUITests";
				PRODUCT_NAME = "$(TARGET_NAME)";
				SWIFT_VERSION = 4.2;
				TARGETED_DEVICE_FAMILY = "1,2";
				TEST_TARGET_NAME = "SAS-SWIFTY";
			};
			name = Release;
		};
/* End XCBuildConfiguration section */

/* Begin XCConfigurationList section */
		587BE1A32191A89B0069BC8A /* Build configuration list for PBXProject "SAS-SWIFTY" */ = {
			isa = XCConfigurationList;
			buildConfigurations = (
				587BE1CE2191A8A10069BC8A /* Debug */,
				587BE1CF2191A8A10069BC8A /* Release */,
			);
			defaultConfigurationIsVisible = 0;
			defaultConfigurationName = Release;
		};
		587BE1D02191A8A10069BC8A /* Build configuration list for PBXNativeTarget "SAS-SWIFTY" */ = {
			isa = XCConfigurationList;
			buildConfigurations = (
				587BE1D12191A8A10069BC8A /* Debug */,
				587BE1D22191A8A10069BC8A /* Release */,
			);
			defaultConfigurationIsVisible = 0;
			defaultConfigurationName = Release;
		};
		587BE1D32191A8A10069BC8A /* Build configuration list for PBXNativeTarget "SAS-SWIFTYTests" */ = {
			isa = XCConfigurationList;
			buildConfigurations = (
				587BE1D42191A8A10069BC8A /* Debug */,
				587BE1D52191A8A10069BC8A /* Release */,
			);
			defaultConfigurationIsVisible = 0;
			defaultConfigurationName = Release;
		};
		587BE1D62191A8A10069BC8A /* Build configuration list for PBXNativeTarget "SAS-SWIFTYUITests" */ = {
			isa = XCConfigurationList;
			buildConfigurations = (
				587BE1D72191A8A10069BC8A /* Debug */,
				587BE1D82191A8A10069BC8A /* Release */,
			);
			defaultConfigurationIsVisible = 0;
			defaultConfigurationName = Release;
		};
/* End XCConfigurationList section */
	};
	rootObject = 587BE1A02191A89B0069BC8A /* Project object */;
}
